
Microsoft Visual Studio Solution File, Format Version 12.00
# Visual Studio 14
VisualStudioVersion = 14.0.25123.0
MinimumVisualStudioVersion = 10.0.40219.1
Project("{FAE04EC0-301F-11D3-BF4B-00C04F79EFBC}") = "DataTables", "DataTables\DataTables.csproj", "{125D27E5-011E-409C-B17E-14C0DB740410}"
EndProject
Project("{FAE04EC0-301F-11D3-BF4B-00C04F79EFBC}") = "Data", "Data\Data.csproj", "{62A8A8DA-094B-4B41-B552-465964663860}"
EndProject
Project("{FAE04EC0-301F-11D3-BF4B-00C04F79EFBC}") = "UnitTests", "UnitTests\UnitTests.csproj", "{C3102C15-544A-4822-83F9-D4136A90E4B9}"
EndProject
Project("{FAE04EC0-301F-11D3-BF4B-00C04F79EFBC}") = "Examples", "Examples\Examples.csproj", "{59CAFB5E-96ED-4AFC-BAB7-0A227154C145}"
EndProject
Global
	GlobalSection(SolutionConfigurationPlatforms) = preSolution
		Debug|Any CPU = Debug|Any CPU
		Release|Any CPU = Release|Any CPU
	EndGlobalSection
	GlobalSection(ProjectConfigurationPlatforms) = postSolution
		{125D27E5-011E-409C-B17E-14C0DB740410}.Debug|Any CPU.ActiveCfg = Debug|Any CPU
		{125D27E5-011E-409C-B17E-14C0DB740410}.Debug|Any CPU.Build.0 = Debug|Any CPU
		{125D27E5-011E-409C-B17E-14C0DB740410}.Release|Any CPU.ActiveCfg = Release|Any CPU
		{125D27E5-011E-409C-B17E-14C0DB740410}.Release|Any CPU.Build.0 = Release|Any CPU
		{62A8A8DA-094B-4B41-B552-465964663860}.Debug|Any CPU.ActiveCfg = Debug|Any CPU
		{62A8A8DA-094B-4B41-B552-465964663860}.Debug|Any CPU.Build.0 = Debug|Any CPU
		{62A8A8DA-094B-4B41-B552-465964663860}.Release|Any CPU.ActiveCfg = Release|Any CPU
		{62A8A8DA-094B-4B41-B552-465964663860}.Release|Any CPU.Build.0 = Release|Any CPU
		{C3102C15-544A-4822-83F9-D4136A90E4B9}.Debug|Any CPU.ActiveCfg = Debug|Any CPU
		{C3102C15-544A-4822-83F9-D4136A90E4B9}.Debug|Any CPU.Build.0 = Debug|Any CPU
		{C3102C15-544A-4822-83F9-D4136A90E4B9}.Release|Any CPU.ActiveCfg = Release|Any CPU
		{C3102C15-544A-4822-83F9-D4136A90E4B9}.Release|Any CPU.Build.0 = Release|Any CPU
		{59CAFB5E-96ED-4AFC-BAB7-0A227154C145}.Debug|Any CPU.ActiveCfg = Debug|Any CPU
		{59CAFB5E-96ED-4AFC-BAB7-0A227154C145}.Debug|Any CPU.Build.0 = Debug|Any CPU
		{59CAFB5E-96ED-4AFC-BAB7-0A227154C145}.Release|Any CPU.ActiveCfg = Release|Any CPU
		{59CAFB5E-96ED-4AFC-BAB7-0A227154C145}.Release|Any CPU.Build.0 = Release|Any CPU
	EndGlobalSection
	GlobalSection(SolutionProperties) = preSolution
		HideSolutionNode = FALSE
	EndGlobalSection
EndGlobal
